Microsoft Visual Studio Solution File, Format Version 12.00
# Visual Studio 15
VisualStudioVersion = 15.0.27130.2010
MinimumVisualStudioVersion = 10.0.40219.1
Project("{FAE04EC0-301F-11D3-BF4B-00C04F79EFBC}") = "LatteMarche.WebApi", "LatteMarche.WebApi\LatteMarche.WebApi.csproj", "{E34BC3B1-B6E5-43FA-AF6E-5D4004859C5A}"
EndProject
Project("{FAE04EC0-301F-11D3-BF4B-00C04F79EFBC}") = "LatteMarche.Core", "LatteMarche.Core\LatteMarche.Core.csproj", "{7399BB9D-FA00-400E-B9F8-C78751CE153F}"
EndProject
Project("{FAE04EC0-301F-11D3-BF4B-00C04F79EFBC}") = "LatteMarche.EntityFramework", "LatteMarche.EntityFramework\LatteMarche.EntityFramework.csproj", "{939A98BB-3372-4BBC-8A9C-213113AEE01C}"
EndProject
Project("{FAE04EC0-301F-11D3-BF4B-00C04F79EFBC}") = "LatteMarche.Application", "LatteMarche.Application\LatteMarche.Application.csproj", "{C7EB12A1-580D-4B9C-9DFD-711A962A61E8}"
EndProject
Project("{FAE04EC0-301F-11D3-BF4B-00C04F79EFBC}") = "LatteMarche.Identity", "LatteMarche.Identity\LatteMarche.Identity.csproj", "{25AE69D8-01C1-4A07-81FD-3355766D5F4C}"
EndProject
Project("{FAE04EC0-301F-11D3-BF4B-00C04F79EFBC}") = "LatteMarche.Tests", "LatteMarche.Tests\LatteMarche.Tests.csproj", "{6CB3860D-4709-406D-B239-65FCA6915E7C}"
EndProject
Project("{FAE04EC0-301F-11D3-BF4B-00C04F79EFBC}") = "LatteMarche.Service", "LatteMarche.Service\LatteMarche.Service.csproj", "{CFF520F9-0731-425B-85D4-69CA31D29152}"
EndProject
Project("{FAE04EC0-301F-11D3-BF4B-00C04F79EFBC}") = "LatteMarche.Synch", "Synchronizator\LatteMarche.Synch.csproj", "{6D9C9346-6A98-4E04-94A3-1F02A2FAC207}"
EndProject
Project("{2150E333-8FDC-42A3-9474-1A3956D46DE8}") = "curl", "curl", "{6E1DBB9D-8970-4395-BE07-F9538E2263BE}"
	ProjectSection(SolutionItems) = preProject
		curl\bearer.txt = curl\bearer.txt
		curl\curl-oauth-result.txt = curl\curl-oauth-result.txt
		curl\curl.exe = curl\curl.exe
		curl\jq.exe = curl\jq.exe
		curl\response.txt = curl\response.txt
		curl\synch_azure_dev.bat = curl\synch_azure_dev.bat
		curl\synch_localhost.bat = curl\synch_localhost.bat
	EndProjectSection
EndProject
Global
	GlobalSection(SolutionConfigurationPlatforms) = preSolution
		Debug|Any CPU = Debug|Any CPU
		Release|Any CPU = Release|Any CPU
	EndGlobalSection
	GlobalSection(ProjectConfigurationPlatforms) = postSolution
		{E34BC3B1-B6E5-43FA-AF6E-5D4004859C5A}.Debug|Any CPU.ActiveCfg = Debug|Any CPU
		{E34BC3B1-B6E5-43FA-AF6E-5D4004859C5A}.Debug|Any CPU.Build.0 = Debug|Any CPU
		{E34BC3B1-B6E5-43FA-AF6E-5D4004859C5A}.Release|Any CPU.ActiveCfg = Release|Any CPU
		{E34BC3B1-B6E5-43FA-AF6E-5D4004859C5A}.Release|Any CPU.Build.0 = Release|Any CPU
		{7399BB9D-FA00-400E-B9F8-C78751CE153F}.Debug|Any CPU.ActiveCfg = Debug|Any CPU
		{7399BB9D-FA00-400E-B9F8-C78751CE153F}.Debug|Any CPU.Build.0 = Debug|Any CPU
		{7399BB9D-FA00-400E-B9F8-C78751CE153F}.Release|Any CPU.ActiveCfg = Release|Any CPU
		{7399BB9D-FA00-400E-B9F8-C78751CE153F}.Release|Any CPU.Build.0 = Release|Any CPU
		{939A98BB-3372-4BBC-8A9C-213113AEE01C}.Debug|Any CPU.ActiveCfg = Debug|Any CPU
		{939A98BB-3372-4BBC-8A9C-213113AEE01C}.Debug|Any CPU.Build.0 = Debug|Any CPU
		{939A98BB-3372-4BBC-8A9C-213113AEE01C}.Release|Any CPU.ActiveCfg = Release|Any CPU
		{939A98BB-3372-4BBC-8A9C-213113AEE01C}.Release|Any CPU.Build.0 = Release|Any CPU
		{C7EB12A1-580D-4B9C-9DFD-711A962A61E8}.Debug|Any CPU.ActiveCfg = Debug|Any CPU
		{C7EB12A1-580D-4B9C-9DFD-711A962A61E8}.Debug|Any CPU.Build.0 = Debug|Any CPU
		{C7EB12A1-580D-4B9C-9DFD-711A962A61E8}.Release|Any CPU.ActiveCfg = Release|Any CPU
		{C7EB12A1-580D-4B9C-9DFD-711A962A61E8}.Release|Any CPU.Build.0 = Release|Any CPU
		{25AE69D8-01C1-4A07-81FD-3355766D5F4C}.Debug|Any CPU.ActiveCfg = Debug|Any CPU
		{25AE69D8-01C1-4A07-81FD-3355766D5F4C}.Debug|Any CPU.Build.0 = Debug|Any CPU
		{25AE69D8-01C1-4A07-81FD-3355766D5F4C}.Release|Any CPU.ActiveCfg = Release|Any CPU
		{25AE69D8-01C1-4A07-81FD-3355766D5F4C}.Release|Any CPU.Build.0 = Release|Any CPU
		{6CB3860D-4709-406D-B239-65FCA6915E7C}.Debug|Any CPU.ActiveCfg = Debug|Any CPU
		{6CB3860D-4709-406D-B239-65FCA6915E7C}.Debug|Any CPU.Build.0 = Debug|Any CPU
		{6CB3860D-4709-406D-B239-65FCA6915E7C}.Release|Any CPU.ActiveCfg = Release|Any CPU
		{6CB3860D-4709-406D-B239-65FCA6915E7C}.Release|Any CPU.Build.0 = Release|Any CPU
		{CFF520F9-0731-425B-85D4-69CA31D29152}.Debug|Any CPU.ActiveCfg = Debug|Any CPU
		{CFF520F9-0731-425B-85D4-69CA31D29152}.Debug|Any CPU.Build.0 = Debug|Any CPU
		{CFF520F9-0731-425B-85D4-69CA31D29152}.Release|Any CPU.ActiveCfg = Release|Any CPU
		{CFF520F9-0731-425B-85D4-69CA31D29152}.Release|Any CPU.Build.0 = Release|Any CPU
		{6D9C9346-6A98-4E04-94A3-1F02A2FAC207}.Debug|Any CPU.ActiveCfg = Debug|Any CPU
		{6D9C9346-6A98-4E04-94A3-1F02A2FAC207}.Debug|Any CPU.Build.0 = Debug|Any CPU
		{6D9C9346-6A98-4E04-94A3-1F02A2FAC207}.Release|Any CPU.ActiveCfg = Release|Any CPU
		{6D9C9346-6A98-4E04-94A3-1F02A2FAC207}.Release|Any CPU.Build.0 = Release|Any CPU
	EndGlobalSection
	GlobalSection(SolutionProperties) = preSolution
		HideSolutionNode = FALSE
	EndGlobalSection
	GlobalSection(ExtensibilityGlobals) = postSolution
		SolutionGuid = {E6A4AEC1-A4A5-44F5-BC32-F95A5ECA2F4F}
	EndGlobalSection
EndGlobal
