Microsoft Visual Studio Solution File, Format Version 12.00
# Visual Studio Version 16
VisualStudioVersion = 16.0.29728.190
MinimumVisualStudioVersion = 10.0.40219.1
Project("{FAE04EC0-301F-11D3-BF4B-00C04F79EFBC}") = "LatteMarche.WebApi", "LatteMarche.WebApi\LatteMarche.WebApi.csproj", "{E34BC3B1-B6E5-43FA-AF6E-5D4004859C5A}"
EndProject
Project("{FAE04EC0-301F-11D3-BF4B-00C04F79EFBC}") = "LatteMarche.Core", "LatteMarche.Core\LatteMarche.Core.csproj", "{7399BB9D-FA00-400E-B9F8-C78751CE153F}"
EndProject
Project("{FAE04EC0-301F-11D3-BF4B-00C04F79EFBC}") = "LatteMarche.EntityFramework", "LatteMarche.EntityFramework\LatteMarche.EntityFramework.csproj", "{939A98BB-3372-4BBC-8A9C-213113AEE01C}"
EndProject
Project("{FAE04EC0-301F-11D3-BF4B-00C04F79EFBC}") = "LatteMarche.Application", "LatteMarche.Application\LatteMarche.Application.csproj", "{C7EB12A1-580D-4B9C-9DFD-711A962A61E8}"
EndProject
Project("{FAE04EC0-301F-11D3-BF4B-00C04F79EFBC}") = "LatteMarche.Identity", "LatteMarche.Identity\LatteMarche.Identity.csproj", "{25AE69D8-01C1-4A07-81FD-3355766D5F4C}"
EndProject
Project("{FAE04EC0-301F-11D3-BF4B-00C04F79EFBC}") = "LatteMarche.Tests", "LatteMarche.Tests\LatteMarche.Tests.csproj", "{6CB3860D-4709-406D-B239-65FCA6915E7C}"
EndProject
Project("{FAE04EC0-301F-11D3-BF4B-00C04F79EFBC}") = "LatteMarche.Service", "LatteMarche.Service\LatteMarche.Service.csproj", "{CFF520F9-0731-425B-85D4-69CA31D29152}"
EndProject
Project("{2150E333-8FDC-42A3-9474-1A3956D46DE8}") = "curl", "curl", "{6E1DBB9D-8970-4395-BE07-F9538E2263BE}"
	ProjectSection(SolutionItems) = preProject
		curl\bearer.txt = curl\bearer.txt
		curl\curl-oauth-result.txt = curl\curl-oauth-result.txt
		curl\curl.exe = curl\curl.exe
		curl\jq.exe = curl\jq.exe
		curl\response.txt = curl\response.txt
		curl\synch_azure_dev.bat = curl\synch_azure_dev.bat
		curl\synch_azure_prod.bat = curl\synch_azure_prod.bat
		curl\synch_localhost.bat = curl\synch_localhost.bat
	EndProjectSection
EndProject
Project("{FAE04EC0-301F-11D3-BF4B-00C04F79EFBC}") = "LatteMarche.Utils", "LatteMarche.Utils\LatteMarche.Utils.csproj", "{EDC79AC8-16C0-4F80-A81C-BD2BC6AF87F6}"
EndProject
Project("{FAE04EC0-301F-11D3-BF4B-00C04F79EFBC}") = "LatteMarche.PasswordSniffer", "LatteMarche.PasswordSniffer\LatteMarche.PasswordSniffer.csproj", "{116D4642-9E70-4C11-BD74-26F815A1747C}"
EndProject
Project("{2150E333-8FDC-42A3-9474-1A3956D46DE8}") = "Web", "Web", "{6F1BED6D-61BC-4669-811F-E0BFE5AF6954}"
EndProject
Project("{2150E333-8FDC-42A3-9474-1A3956D46DE8}") = "Service", "Service", "{E5FE7D1F-BFA1-4C93-9933-C35C0EEA8B54}"
EndProject
Project("{2150E333-8FDC-42A3-9474-1A3956D46DE8}") = "Xamarin", "Xamarin", "{100377B7-A6EA-465D-80F1-684AD1C24F43}"
EndProject
Project("{9A19103F-16F7-4668-BE54-9A1E7A4F7556}") = "LatteMarche.Xamarin", "LatteMarche.Xamarin\LatteMarche.Xamarin.csproj", "{C9D2E0AE-A971-4E2E-A897-C8DF4AB7B8C8}"
EndProject
Project("{FAE04EC0-301F-11D3-BF4B-00C04F79EFBC}") = "LatteMarche.Xamarin.Android", "LatteMarche.Xamarin.Android\LatteMarche.Xamarin.Android.csproj", "{474152B6-EC99-4CB5-82D8-DB440154DE49}"
EndProject
Project("{FAE04EC0-301F-11D3-BF4B-00C04F79EFBC}") = "LatteMarche.Application.Assam", "LatteMarche.Application.Assam\LatteMarche.Application.Assam.csproj", "{A07CE647-5734-4F4C-B14A-6146CE4F61AD}"
EndProject
Project("{2150E333-8FDC-42A3-9474-1A3956D46DE8}") = "Application", "Application", "{1825B45F-C18F-4554-8A72-FC433B258C35}"
EndProject
Project("{2150E333-8FDC-42A3-9474-1A3956D46DE8}") = "Data", "Data", "{A8B33439-B277-4E39-A972-30A08B34DCD1}"
EndProject
Project("{2150E333-8FDC-42A3-9474-1A3956D46DE8}") = "Utils", "Utils", "{C892F85C-A031-4638-8C24-261E5A2C289E}"
EndProject
Project("{FAE04EC0-301F-11D3-BF4B-00C04F79EFBC}") = "LatteMarche.Application.Mobile", "LatteMarche.Application.Mobile\LatteMarche.Application.Mobile.csproj", "{D52AB32E-1432-4B28-9438-C74D25E70F35}"
EndProject
Project("{2150E333-8FDC-42A3-9474-1A3956D46DE8}") = "Libs", "Libs", "{B7A81D8E-7860-49E9-9401-9E800F7F4E8F}"
	ProjectSection(SolutionItems) = preProject
		Libs\WeCode.Application.dll = Libs\WeCode.Application.dll
		Libs\WeCode.Application.dll.config = Libs\WeCode.Application.dll.config
		Libs\WeCode.Application.pdb = Libs\WeCode.Application.pdb
		Libs\WeCode.Data.dll = Libs\WeCode.Data.dll
		Libs\WeCode.Data.dll.config = Libs\WeCode.Data.dll.config
		Libs\WeCode.Data.pdb = Libs\WeCode.Data.pdb
		Libs\WeCode.EntityFramework.dll = Libs\WeCode.EntityFramework.dll
		Libs\WeCode.EntityFramework.dll.config = Libs\WeCode.EntityFramework.dll.config
		Libs\WeCode.EntityFramework.pdb = Libs\WeCode.EntityFramework.pdb
	EndProjectSection
EndProject
Global
	GlobalSection(SolutionConfigurationPlatforms) = preSolution
		Debug|Any CPU = Debug|Any CPU
		Release|Any CPU = Release|Any CPU
		TEST|Any CPU = TEST|Any CPU
		Xamarin Debug|Any CPU = Xamarin Debug|Any CPU
	EndGlobalSection
	GlobalSection(ProjectConfigurationPlatforms) = postSolution
		{E34BC3B1-B6E5-43FA-AF6E-5D4004859C5A}.Debug|Any CPU.ActiveCfg = Debug|Any CPU
		{E34BC3B1-B6E5-43FA-AF6E-5D4004859C5A}.Debug|Any CPU.Build.0 = Debug|Any CPU
		{E34BC3B1-B6E5-43FA-AF6E-5D4004859C5A}.Release|Any CPU.ActiveCfg = Release|Any CPU
		{E34BC3B1-B6E5-43FA-AF6E-5D4004859C5A}.Release|Any CPU.Build.0 = Release|Any CPU
		{E34BC3B1-B6E5-43FA-AF6E-5D4004859C5A}.TEST|Any CPU.ActiveCfg = TEST|Any CPU
		{E34BC3B1-B6E5-43FA-AF6E-5D4004859C5A}.TEST|Any CPU.Build.0 = TEST|Any CPU
		{E34BC3B1-B6E5-43FA-AF6E-5D4004859C5A}.Xamarin Debug|Any CPU.ActiveCfg = Xamarin Debug|Any CPU
		{7399BB9D-FA00-400E-B9F8-C78751CE153F}.Debug|Any CPU.ActiveCfg = Debug|Any CPU
		{7399BB9D-FA00-400E-B9F8-C78751CE153F}.Debug|Any CPU.Build.0 = Debug|Any CPU
		{7399BB9D-FA00-400E-B9F8-C78751CE153F}.Release|Any CPU.ActiveCfg = Release|Any CPU
		{7399BB9D-FA00-400E-B9F8-C78751CE153F}.Release|Any CPU.Build.0 = Release|Any CPU
		{7399BB9D-FA00-400E-B9F8-C78751CE153F}.TEST|Any CPU.ActiveCfg = TEST|Any CPU
		{7399BB9D-FA00-400E-B9F8-C78751CE153F}.TEST|Any CPU.Build.0 = TEST|Any CPU
		{7399BB9D-FA00-400E-B9F8-C78751CE153F}.Xamarin Debug|Any CPU.ActiveCfg = Xamarin Debug|Any CPU
		{939A98BB-3372-4BBC-8A9C-213113AEE01C}.Debug|Any CPU.ActiveCfg = Debug|Any CPU
		{939A98BB-3372-4BBC-8A9C-213113AEE01C}.Debug|Any CPU.Build.0 = Debug|Any CPU
		{939A98BB-3372-4BBC-8A9C-213113AEE01C}.Release|Any CPU.ActiveCfg = Release|Any CPU
		{939A98BB-3372-4BBC-8A9C-213113AEE01C}.Release|Any CPU.Build.0 = Release|Any CPU
		{939A98BB-3372-4BBC-8A9C-213113AEE01C}.TEST|Any CPU.ActiveCfg = TEST|Any CPU
		{939A98BB-3372-4BBC-8A9C-213113AEE01C}.TEST|Any CPU.Build.0 = TEST|Any CPU
		{939A98BB-3372-4BBC-8A9C-213113AEE01C}.Xamarin Debug|Any CPU.ActiveCfg = Xamarin Debug|Any CPU
		{C7EB12A1-580D-4B9C-9DFD-711A962A61E8}.Debug|Any CPU.ActiveCfg = Debug|Any CPU
		{C7EB12A1-580D-4B9C-9DFD-711A962A61E8}.Debug|Any CPU.Build.0 = Debug|Any CPU
		{C7EB12A1-580D-4B9C-9DFD-711A962A61E8}.Release|Any CPU.ActiveCfg = Release|Any CPU
		{C7EB12A1-580D-4B9C-9DFD-711A962A61E8}.Release|Any CPU.Build.0 = Release|Any CPU
		{C7EB12A1-580D-4B9C-9DFD-711A962A61E8}.TEST|Any CPU.ActiveCfg = TEST|Any CPU
		{C7EB12A1-580D-4B9C-9DFD-711A962A61E8}.TEST|Any CPU.Build.0 = TEST|Any CPU
		{C7EB12A1-580D-4B9C-9DFD-711A962A61E8}.Xamarin Debug|Any CPU.ActiveCfg = Xamarin Debug|Any CPU
		{25AE69D8-01C1-4A07-81FD-3355766D5F4C}.Debug|Any CPU.ActiveCfg = Debug|Any CPU
		{25AE69D8-01C1-4A07-81FD-3355766D5F4C}.Debug|Any CPU.Build.0 = Debug|Any CPU
		{25AE69D8-01C1-4A07-81FD-3355766D5F4C}.Release|Any CPU.ActiveCfg = Release|Any CPU
		{25AE69D8-01C1-4A07-81FD-3355766D5F4C}.Release|Any CPU.Build.0 = Release|Any CPU
		{25AE69D8-01C1-4A07-81FD-3355766D5F4C}.TEST|Any CPU.ActiveCfg = TEST|Any CPU
		{25AE69D8-01C1-4A07-81FD-3355766D5F4C}.TEST|Any CPU.Build.0 = TEST|Any CPU
		{25AE69D8-01C1-4A07-81FD-3355766D5F4C}.Xamarin Debug|Any CPU.ActiveCfg = Xamarin Debug|Any CPU
		{6CB3860D-4709-406D-B239-65FCA6915E7C}.Debug|Any CPU.ActiveCfg = Debug|Any CPU
		{6CB3860D-4709-406D-B239-65FCA6915E7C}.Debug|Any CPU.Build.0 = Debug|Any CPU
		{6CB3860D-4709-406D-B239-65FCA6915E7C}.Release|Any CPU.ActiveCfg = Release|Any CPU
		{6CB3860D-4709-406D-B239-65FCA6915E7C}.Release|Any CPU.Build.0 = Release|Any CPU
		{6CB3860D-4709-406D-B239-65FCA6915E7C}.TEST|Any CPU.ActiveCfg = TEST|Any CPU
		{6CB3860D-4709-406D-B239-65FCA6915E7C}.TEST|Any CPU.Build.0 = TEST|Any CPU
		{6CB3860D-4709-406D-B239-65FCA6915E7C}.Xamarin Debug|Any CPU.ActiveCfg = Xamarin Debug|Any CPU
		{CFF520F9-0731-425B-85D4-69CA31D29152}.Debug|Any CPU.ActiveCfg = Debug|Any CPU
		{CFF520F9-0731-425B-85D4-69CA31D29152}.Debug|Any CPU.Build.0 = Debug|Any CPU
		{CFF520F9-0731-425B-85D4-69CA31D29152}.Release|Any CPU.ActiveCfg = Release|Any CPU
		{CFF520F9-0731-425B-85D4-69CA31D29152}.Release|Any CPU.Build.0 = Release|Any CPU
		{CFF520F9-0731-425B-85D4-69CA31D29152}.TEST|Any CPU.ActiveCfg = TEST|Any CPU
		{CFF520F9-0731-425B-85D4-69CA31D29152}.TEST|Any CPU.Build.0 = TEST|Any CPU
		{CFF520F9-0731-425B-85D4-69CA31D29152}.Xamarin Debug|Any CPU.ActiveCfg = Xamarin Debug|Any CPU
		{EDC79AC8-16C0-4F80-A81C-BD2BC6AF87F6}.Debug|Any CPU.ActiveCfg = Debug|Any CPU
		{EDC79AC8-16C0-4F80-A81C-BD2BC6AF87F6}.Debug|Any CPU.Build.0 = Debug|Any CPU
		{EDC79AC8-16C0-4F80-A81C-BD2BC6AF87F6}.Release|Any CPU.ActiveCfg = Release|Any CPU
		{EDC79AC8-16C0-4F80-A81C-BD2BC6AF87F6}.Release|Any CPU.Build.0 = Release|Any CPU
		{EDC79AC8-16C0-4F80-A81C-BD2BC6AF87F6}.TEST|Any CPU.ActiveCfg = Release|Any CPU
		{EDC79AC8-16C0-4F80-A81C-BD2BC6AF87F6}.TEST|Any CPU.Build.0 = Release|Any CPU
		{EDC79AC8-16C0-4F80-A81C-BD2BC6AF87F6}.Xamarin Debug|Any CPU.ActiveCfg = Xamarin Debug|Any CPU
		{116D4642-9E70-4C11-BD74-26F815A1747C}.Debug|Any CPU.ActiveCfg = Debug|Any CPU
		{116D4642-9E70-4C11-BD74-26F815A1747C}.Release|Any CPU.ActiveCfg = Release|Any CPU
		{116D4642-9E70-4C11-BD74-26F815A1747C}.Release|Any CPU.Build.0 = Release|Any CPU
		{116D4642-9E70-4C11-BD74-26F815A1747C}.TEST|Any CPU.ActiveCfg = Release|Any CPU
		{116D4642-9E70-4C11-BD74-26F815A1747C}.TEST|Any CPU.Build.0 = Release|Any CPU
		{116D4642-9E70-4C11-BD74-26F815A1747C}.Xamarin Debug|Any CPU.ActiveCfg = Xamarin Debug|Any CPU
		{C9D2E0AE-A971-4E2E-A897-C8DF4AB7B8C8}.Debug|Any CPU.ActiveCfg = Debug|Any CPU
		{C9D2E0AE-A971-4E2E-A897-C8DF4AB7B8C8}.Release|Any CPU.ActiveCfg = Release|Any CPU
		{C9D2E0AE-A971-4E2E-A897-C8DF4AB7B8C8}.Release|Any CPU.Build.0 = Release|Any CPU
		{C9D2E0AE-A971-4E2E-A897-C8DF4AB7B8C8}.TEST|Any CPU.ActiveCfg = Debug|Any CPU
		{C9D2E0AE-A971-4E2E-A897-C8DF4AB7B8C8}.TEST|Any CPU.Build.0 = Debug|Any CPU
		{C9D2E0AE-A971-4E2E-A897-C8DF4AB7B8C8}.Xamarin Debug|Any CPU.ActiveCfg = Xamarin Debug|Any CPU
		{C9D2E0AE-A971-4E2E-A897-C8DF4AB7B8C8}.Xamarin Debug|Any CPU.Build.0 = Xamarin Debug|Any CPU
		{474152B6-EC99-4CB5-82D8-DB440154DE49}.Debug|Any CPU.ActiveCfg = Debug|Any CPU
		{474152B6-EC99-4CB5-82D8-DB440154DE49}.Debug|Any CPU.Deploy.0 = Debug|Any CPU
		{474152B6-EC99-4CB5-82D8-DB440154DE49}.Release|Any CPU.ActiveCfg = Release|Any CPU
		{474152B6-EC99-4CB5-82D8-DB440154DE49}.Release|Any CPU.Build.0 = Release|Any CPU
		{474152B6-EC99-4CB5-82D8-DB440154DE49}.Release|Any CPU.Deploy.0 = Release|Any CPU
		{474152B6-EC99-4CB5-82D8-DB440154DE49}.TEST|Any CPU.ActiveCfg = Release|Any CPU
		{474152B6-EC99-4CB5-82D8-DB440154DE49}.TEST|Any CPU.Build.0 = Release|Any CPU
		{474152B6-EC99-4CB5-82D8-DB440154DE49}.TEST|Any CPU.Deploy.0 = Release|Any CPU
		{474152B6-EC99-4CB5-82D8-DB440154DE49}.Xamarin Debug|Any CPU.ActiveCfg = Xamarin Debug|Any CPU
		{474152B6-EC99-4CB5-82D8-DB440154DE49}.Xamarin Debug|Any CPU.Build.0 = Xamarin Debug|Any CPU
		{474152B6-EC99-4CB5-82D8-DB440154DE49}.Xamarin Debug|Any CPU.Deploy.0 = Xamarin Debug|Any CPU
		{A07CE647-5734-4F4C-B14A-6146CE4F61AD}.Debug|Any CPU.ActiveCfg = Debug|Any CPU
		{A07CE647-5734-4F4C-B14A-6146CE4F61AD}.Debug|Any CPU.Build.0 = Debug|Any CPU
		{A07CE647-5734-4F4C-B14A-6146CE4F61AD}.Release|Any CPU.ActiveCfg = Release|Any CPU
		{A07CE647-5734-4F4C-B14A-6146CE4F61AD}.Release|Any CPU.Build.0 = Release|Any CPU
		{A07CE647-5734-4F4C-B14A-6146CE4F61AD}.TEST|Any CPU.ActiveCfg = Release|Any CPU
		{A07CE647-5734-4F4C-B14A-6146CE4F61AD}.TEST|Any CPU.Build.0 = Release|Any CPU
		{A07CE647-5734-4F4C-B14A-6146CE4F61AD}.Xamarin Debug|Any CPU.ActiveCfg = Xamarin Debug|Any CPU
		{D52AB32E-1432-4B28-9438-C74D25E70F35}.Debug|Any CPU.ActiveCfg = Debug|Any CPU
		{D52AB32E-1432-4B28-9438-C74D25E70F35}.Debug|Any CPU.Build.0 = Debug|Any CPU
		{D52AB32E-1432-4B28-9438-C74D25E70F35}.Release|Any CPU.ActiveCfg = Release|Any CPU
		{D52AB32E-1432-4B28-9438-C74D25E70F35}.Release|Any CPU.Build.0 = Release|Any CPU
		{D52AB32E-1432-4B28-9438-C74D25E70F35}.TEST|Any CPU.ActiveCfg = Release|Any CPU
		{D52AB32E-1432-4B28-9438-C74D25E70F35}.TEST|Any CPU.Build.0 = Release|Any CPU
		{D52AB32E-1432-4B28-9438-C74D25E70F35}.Xamarin Debug|Any CPU.ActiveCfg = Debug|Any CPU
		{D52AB32E-1432-4B28-9438-C74D25E70F35}.Xamarin Debug|Any CPU.Build.0 = Debug|Any CPU
	EndGlobalSection
	GlobalSection(SolutionProperties) = preSolution
		HideSolutionNode = FALSE
	EndGlobalSection
	GlobalSection(NestedProjects) = preSolution
		{E34BC3B1-B6E5-43FA-AF6E-5D4004859C5A} = {6F1BED6D-61BC-4669-811F-E0BFE5AF6954}
		{7399BB9D-FA00-400E-B9F8-C78751CE153F} = {A8B33439-B277-4E39-A972-30A08B34DCD1}
		{939A98BB-3372-4BBC-8A9C-213113AEE01C} = {A8B33439-B277-4E39-A972-30A08B34DCD1}
		{C7EB12A1-580D-4B9C-9DFD-711A962A61E8} = {1825B45F-C18F-4554-8A72-FC433B258C35}
		{25AE69D8-01C1-4A07-81FD-3355766D5F4C} = {C892F85C-A031-4638-8C24-261E5A2C289E}
		{6CB3860D-4709-406D-B239-65FCA6915E7C} = {6F1BED6D-61BC-4669-811F-E0BFE5AF6954}
		{CFF520F9-0731-425B-85D4-69CA31D29152} = {E5FE7D1F-BFA1-4C93-9933-C35C0EEA8B54}
		{EDC79AC8-16C0-4F80-A81C-BD2BC6AF87F6} = {C892F85C-A031-4638-8C24-261E5A2C289E}
		{116D4642-9E70-4C11-BD74-26F815A1747C} = {E5FE7D1F-BFA1-4C93-9933-C35C0EEA8B54}
		{C9D2E0AE-A971-4E2E-A897-C8DF4AB7B8C8} = {100377B7-A6EA-465D-80F1-684AD1C24F43}
		{474152B6-EC99-4CB5-82D8-DB440154DE49} = {100377B7-A6EA-465D-80F1-684AD1C24F43}
		{A07CE647-5734-4F4C-B14A-6146CE4F61AD} = {1825B45F-C18F-4554-8A72-FC433B258C35}
		{D52AB32E-1432-4B28-9438-C74D25E70F35} = {1825B45F-C18F-4554-8A72-FC433B258C35}
	EndGlobalSection
	GlobalSection(ExtensibilityGlobals) = postSolution
		SolutionGuid = {E6A4AEC1-A4A5-44F5-BC32-F95A5ECA2F4F}
	EndGlobalSection
EndGlobal
